<?xml version="1.0" encoding="utf-8"?>
<Project ToolsVersion="4.0" xmlns="http://schemas.microsoft.com/developer/msbuild/2003">
  <ItemGroup>
    <Filter Include="Source Files">
      <UniqueIdentifier>{4FC737F1-C7A5-4376-A066-2A32D752A2FF}</UniqueIdentifier>
      <Extensions>cpp;c;cc;cxx;def;odl;idl;hpj;bat;asm;asmx</Extensions>
    </Filter>
    <Filter Include="Header Files">
      <UniqueIdentifier>{93995380-89BD-4b04-88EB-625FBE52EBFB}</UniqueIdentifier>
      <Extensions>h;hh;hpp;hxx;hm;inl;inc;ipp;xsd</Extensions>
    </Filter>
    <Filter Include="Header Files\Abstract">
      <UniqueIdentifier>{c39d0a0f-de61-478d-b559-36e00344ffad}</UniqueIdentifier>
    </Filter>
    <Filter Include="Header Files\Basis">
      <UniqueIdentifier>{310cff58-97a8-43bb-9a56-67baa4070cae}</UniqueIdentifier>
    </Filter>
    <Filter Include="Header Files\Abstract\Shape">
      <UniqueIdentifier>{a3e2dc65-1d46-43e9-b1fe-e9045a3286c3}</UniqueIdentifier>
    </Filter>
    <Filter Include="Header Files\Abstract\Shape\FlatShape">
      <UniqueIdentifier>{77f9cbde-3657-4a93-806c-9b8099c9c062}</UniqueIdentifier>
    </Filter>
    <Filter Include="Header Files\Abstract\Shape\VolumetricShape">
      <UniqueIdentifier>{b5882547-426a-41d3-be9f-2133177bace5}</UniqueIdentifier>
    </Filter>
    <Filter Include="Header Files\Abstract\Shape\VolumetricShape\DirectVolShape">
      <UniqueIdentifier>{6cacb345-283b-432b-9098-985ec0a82c8b}</UniqueIdentifier>
    </Filter>
    <Filter Include="Header Files\Abstract\Shape\VolumetricShape\ConicalVolShape">
      <UniqueIdentifier>{0ad3fb04-bdad-42e2-ad6f-e5383407a950}</UniqueIdentifier>
    </Filter>
    <Filter Include="Header Files\Basis\Shapes">
      <UniqueIdentifier>{86e45e7f-2327-4571-8acb-944b8c863aab}</UniqueIdentifier>
    </Filter>
    <Filter Include="Header Files\Basis\Shapes\FlatShapes">
      <UniqueIdentifier>{9f8ca32d-9b16-4a81-b124-123b317c03e1}</UniqueIdentifier>
    </Filter>
    <Filter Include="Header Files\Basis\Shapes\VolumetricShapes">
      <UniqueIdentifier>{0f61d94b-583d-44f4-89d7-d3cf8905045a}</UniqueIdentifier>
    </Filter>
    <Filter Include="Header Files\Basis\Shapes\VolumetricShapes\ConicalVolShapes">
      <UniqueIdentifier>{75372082-3186-482d-a9f7-060c518e31ec}</UniqueIdentifier>
    </Filter>
    <Filter Include="Header Files\Basis\Shapes\VolumetricShapes\DirectVolShapes">
      <UniqueIdentifier>{75b5f655-d26d-4c10-b638-280ce66d8c82}</UniqueIdentifier>
    </Filter>
  </ItemGroup>
  <ItemGroup>
    <ClCompile Include="main.cpp">
      <Filter>Source Files</Filter>
    </ClCompile>
  </ItemGroup>
  <ItemGroup>
    <ClInclude Include="Abstract\Shape\Shape.h">
      <Filter>Header Files\Abstract\Shape</Filter>
    </ClInclude>
    <ClInclude Include="Abstract\Shape\FlatShape\FlatShape.h">
      <Filter>Header Files\Abstract\Shape\FlatShape</Filter>
    </ClInclude>
    <ClInclude Include="Abstract\Shape\VolumetricShape\VolShape.h">
      <Filter>Header Files\Abstract\Shape\VolumetricShape</Filter>
    </ClInclude>
    <ClInclude Include="Basis\basis.h">
      <Filter>Header Files\Basis</Filter>
    </ClInclude>
    <ClInclude Include="Abstract\abstract.h">
      <Filter>Header Files\Abstract</Filter>
    </ClInclude>
    <ClInclude Include="Abstract\Shape\VolumetricShape\ConicalVolShape\ConicalVolShape.h">
      <Filter>Header Files\Abstract\Shape\VolumetricShape\ConicalVolShape</Filter>
    </ClInclude>
    <ClInclude Include="Abstract\Shape\VolumetricShape\DirectVolShape\DirectVolShape.h">
      <Filter>Header Files\Abstract\Shape\VolumetricShape\DirectVolShape</Filter>
    </ClInclude>
    <ClInclude Include="Basis\Shapes\FlatShapes\Circle.h">
      <Filter>Header Files\Basis\Shapes\FlatShapes</Filter>
    </ClInclude>
    <ClInclude Include="Basis\Shapes\FlatShapes\Rect.h">
      <Filter>Header Files\Basis\Shapes\FlatShapes</Filter>
    </ClInclude>
    <ClInclude Include="Basis\Shapes\FlatShapes\Triangle.h">
      <Filter>Header Files\Basis\Shapes\FlatShapes</Filter>
    </ClInclude>
    <ClInclude Include="Basis\Shapes\VolumetricShapes\ConicalVolShapes\Conus.h">
      <Filter>Header Files\Basis\Shapes\VolumetricShapes\ConicalVolShapes</Filter>
    </ClInclude>
    <ClInclude Include="Basis\Shapes\VolumetricShapes\ConicalVolShapes\Pyramid.h">
      <Filter>Header Files\Basis\Shapes\VolumetricShapes\ConicalVolShapes</Filter>
    </ClInclude>
    <ClInclude Include="Basis\Shapes\VolumetricShapes\DirectVolShapes\Cylinder.h">
      <Filter>Header Files\Basis\Shapes\VolumetricShapes\DirectVolShapes</Filter>
    </ClInclude>
    <ClInclude Include="Basis\Shapes\VolumetricShapes\DirectVolShapes\Parallelepiped.h">
      <Filter>Header Files\Basis\Shapes\VolumetricShapes\DirectVolShapes</Filter>
    </ClInclude>
    <ClInclude Include="Basis\Shapes\VolumetricShapes\DirectVolShapes\Prism.h">
      <Filter>Header Files\Basis\Shapes\VolumetricShapes\DirectVolShapes</Filter>
    </ClInclude>
  </ItemGroup>
</Project>